// !$*UTF8*$!
{
	archiveVersion = 1;
	classes = {
	};
	objectVersion = 46;
	objects = {

/* Begin PBXBuildFile section */
		5F25700E1D71F01D00886FFD /* main.m in Sources */ = {isa = PBXBuildFile; fileRef = 5F25700D1D71F01D00886FFD /* main.m */; };
		5F2570111D71F01D00886FFD /* AppDelegate.m in Sources */ = {isa = PBXBuildFile; fileRef = 5F2570101D71F01D00886FFD /* AppDelegate.m */; };
		5F2570141D71F01D00886FFD /* ViewController.m in Sources */ = {isa = PBXBuildFile; fileRef = 5F2570131D71F01D00886FFD /* ViewController.m */; };
		5F2570171D71F01D00886FFD /* Main.storyboard in Resources */ = {isa = PBXBuildFile; fileRef = 5F2570151D71F01D00886FFD /* Main.storyboard */; };
		5F2570191D71F01D00886FFD /* Assets.xcassets in Resources */ = {isa = PBXBuildFile; fileRef = 5F2570181D71F01D00886FFD /* Assets.xcassets */; };
		5F25701C1D71F01D00886FFD /* LaunchScreen.storyboard in Resources */ = {isa = PBXBuildFile; fileRef = 5F25701A1D71F01D00886FFD /* LaunchScreen.storyboard */; };
		5F2570251D71F03D00886FFD /* TTTAttributedLabel.m in Sources */ = {isa = PBXBuildFile; fileRef = 5F2570241D71F03D00886FFD /* TTTAttributedLabel.m */; };
		5F2570401D71F05D00886FFD /* MASCompositeConstraint.m in Sources */ = {isa = PBXBuildFile; fileRef = 5F2570281D71F05D00886FFD /* MASCompositeConstraint.m */; };
		5F2570411D71F05D00886FFD /* MASConstraint.m in Sources */ = {isa = PBXBuildFile; fileRef = 5F25702B1D71F05D00886FFD /* MASConstraint.m */; };
		5F2570421D71F05D00886FFD /* MASConstraintMaker.m in Sources */ = {isa = PBXBuildFile; fileRef = 5F25702D1D71F05D00886FFD /* MASConstraintMaker.m */; };
		5F2570431D71F05D00886FFD /* MASLayoutConstraint.m in Sources */ = {isa = PBXBuildFile; fileRef = 5F25702F1D71F05D00886FFD /* MASLayoutConstraint.m */; };
		5F2570441D71F05D00886FFD /* MASViewAttribute.m in Sources */ = {isa = PBXBuildFile; fileRef = 5F2570331D71F05D00886FFD /* MASViewAttribute.m */; };
		5F2570451D71F05D00886FFD /* MASViewConstraint.m in Sources */ = {isa = PBXBuildFile; fileRef = 5F2570351D71F05D00886FFD /* MASViewConstraint.m */; };
		5F2570461D71F05D00886FFD /* NSArray+MASAdditions.m in Sources */ = {isa = PBXBuildFile; fileRef = 5F2570371D71F05D00886FFD /* NSArray+MASAdditions.m */; };
		5F2570471D71F05D00886FFD /* NSLayoutConstraint+MASDebugAdditions.m in Sources */ = {isa = PBXBuildFile; fileRef = 5F25703A1D71F05D00886FFD /* NSLayoutConstraint+MASDebugAdditions.m */; };
		5F2570481D71F05D00886FFD /* View+MASAdditions.m in Sources */ = {isa = PBXBuildFile; fileRef = 5F25703C1D71F05D00886FFD /* View+MASAdditions.m */; };
		5F2570491D71F05D00886FFD /* ViewController+MASAdditions.m in Sources */ = {isa = PBXBuildFile; fileRef = 5F25703F1D71F05D00886FFD /* ViewController+MASAdditions.m */; };
/* End PBXBuildFile section */

/* Begin PBXFileReference section */
		5F2570091D71F01D00886FFD /* TTTAttributedabel.app */ = {isa = PBXFileReference; explicitFileType = wrapper.application; includeInIndex = 0; path = TTTAttributedabel.app; sourceTree = BUILT_PRODUCTS_DIR; };
		5F25700D1D71F01D00886FFD /* main.m */ = {isa = PBXFileReference; lastKnownFileType = sourcecode.c.objc; path = main.m; sourceTree = "<group>"; };
		5F25700F1D71F01D00886FFD /* AppDelegate.h */ = {isa = PBXFileReference; lastKnownFileType = sourcecode.c.h; path = AppDelegate.h; sourceTree = "<group>"; };
		5F2570101D71F01D00886FFD /* AppDelegate.m */ = {isa = PBXFileReference; lastKnownFileType = sourcecode.c.objc; path = AppDelegate.m; sourceTree = "<group>"; };
		5F2570121D71F01D00886FFD /* ViewController.h */ = {isa = PBXFileReference; lastKnownFileType = sourcecode.c.h; path = ViewController.h; sourceTree = "<group>"; };
		5F2570131D71F01D00886FFD /* ViewController.m */ = {isa = PBXFileReference; lastKnownFileType = sourcecode.c.objc; path = ViewController.m; sourceTree = "<group>"; };
		5F2570161D71F01D00886FFD /* Base */ = {isa = PBXFileReference; lastKnownFileType = file.storyboard; name = Base; path = Base.lproj/Main.storyboard; sourceTree = "<group>"; };
		5F2570181D71F01D00886FFD /* Assets.xcassets */ = {isa = PBXFileReference; lastKnownFileType = folder.assetcatalog; path = Assets.xcassets; sourceTree = "<group>"; };
		5F25701B1D71F01D00886FFD /* Base */ = {isa = PBXFileReference; lastKnownFileType = file.storyboard; name = Base; path = Base.lproj/LaunchScreen.storyboard; sourceTree = "<group>"; };
		5F25701D1D71F01D00886FFD /* Info.plist */ = {isa = PBXFileReference; lastKnownFileType = text.plist.xml; path = Info.plist; sourceTree = "<group>"; };
		5F2570231D71F03D00886FFD /* TTTAttributedLabel.h */ = {isa = PBXFileReference; fileEncoding = 4; lastKnownFileType = sourcecode.c.h; path = TTTAttributedLabel.h; sourceTree = "<group>"; };
		5F2570241D71F03D00886FFD /* TTTAttributedLabel.m */ = {isa = PBXFileReference; fileEncoding = 4; lastKnownFileType = sourcecode.c.objc; path = TTTAttributedLabel.m; sourceTree = "<group>"; };
		5F2570271D71F05D00886FFD /* MASCompositeConstraint.h */ = {isa = PBXFileReference; fileEncoding = 4; lastKnownFileType = sourcecode.c.h; path = MASCompositeConstraint.h; sourceTree = "<group>"; };
		5F2570281D71F05D00886FFD /* MASCompositeConstraint.m */ = {isa = PBXFileReference; fileEncoding = 4; lastKnownFileType = sourcecode.c.objc; path = MASCompositeConstraint.m; sourceTree = "<group>"; };
		5F2570291D71F05D00886FFD /* MASConstraint+Private.h */ = {isa = PBXFileReference; fileEncoding = 4; lastKnownFileType = sourcecode.c.h; path = "MASConstraint+Private.h"; sourceTree = "<group>"; };
		5F25702A1D71F05D00886FFD /* MASConstraint.h */ = {isa = PBXFileReference; fileEncoding = 4; lastKnownFileType = sourcecode.c.h; path = MASConstraint.h; sourceTree = "<group>"; };
		5F25702B1D71F05D00886FFD /* MASConstraint.m */ = {isa = PBXFileReference; fileEncoding = 4; lastKnownFileType = sourcecode.c.objc; path = MASConstraint.m; sourceTree = "<group>"; };
		5F25702C1D71F05D00886FFD /* MASConstraintMaker.h */ = {isa = PBXFileReference; fileEncoding = 4; lastKnownFileType = sourcecode.c.h; path = MASConstraintMaker.h; sourceTree = "<group>"; };
		5F25702D1D71F05D00886FFD /* MASConstraintMaker.m */ = {isa = PBXFileReference; fileEncoding = 4; lastKnownFileType = sourcecode.c.objc; path = MASConstraintMaker.m; sourceTree = "<group>"; };
		5F25702E1D71F05D00886FFD /* MASLayoutConstraint.h */ = {isa = PBXFileReference; fileEncoding = 4; lastKnownFileType = sourcecode.c.h; path = MASLayoutConstraint.h; sourceTree = "<group>"; };
		5F25702F1D71F05D00886FFD /* MASLayoutConstraint.m */ = {isa = PBXFileReference; fileEncoding = 4; lastKnownFileType = sourcecode.c.objc; path = MASLayoutConstraint.m; sourceTree = "<group>"; };
		5F2570301D71F05D00886FFD /* Masonry.h */ = {isa = PBXFileReference; fileEncoding = 4; lastKnownFileType = sourcecode.c.h; path = Masonry.h; sourceTree = "<group>"; };
		5F2570311D71F05D00886FFD /* MASUtilities.h */ = {isa = PBXFileReference; fileEncoding = 4; lastKnownFileType = sourcecode.c.h; path = MASUtilities.h; sourceTree = "<group>"; };
		5F2570321D71F05D00886FFD /* MASViewAttribute.h */ = {isa = PBXFileReference; fileEncoding = 4; lastKnownFileType = sourcecode.c.h; path = MASViewAttribute.h; sourceTree = "<group>"; };
		5F2570331D71F05D00886FFD /* MASViewAttribute.m */ = {isa = PBXFileReference; fileEncoding = 4; lastKnownFileType = sourcecode.c.objc; path = MASViewAttribute.m; sourceTree = "<group>"; };
		5F2570341D71F05D00886FFD /* MASViewConstraint.h */ = {isa = PBXFileReference; fileEncoding = 4; lastKnownFileType = sourcecode.c.h; path = MASViewConstraint.h; sourceTree = "<group>"; };
		5F2570351D71F05D00886FFD /* MASViewConstraint.m */ = {isa = PBXFileReference; fileEncoding = 4; lastKnownFileType = sourcecode.c.objc; path = MASViewConstraint.m; sourceTree = "<group>"; };
		5F2570361D71F05D00886FFD /* NSArray+MASAdditions.h */ = {isa = PBXFileReference; fileEncoding = 4; lastKnownFileType = sourcecode.c.h; path = "NSArray+MASAdditions.h"; sourceTree = "<group>"; };
		5F2570371D71F05D00886FFD /* NSArray+MASAdditions.m */ = {isa = PBXFileReference; fileEncoding = 4; lastKnownFileType = sourcecode.c.objc; path = "NSArray+MASAdditions.m"; sourceTree = "<group>"; };
		5F2570381D71F05D00886FFD /* NSArray+MASShorthandAdditions.h */ = {isa = PBXFileReference; fileEncoding = 4; lastKnownFileType = sourcecode.c.h; path = "NSArray+MASShorthandAdditions.h"; sourceTree = "<group>"; };
		5F2570391D71F05D00886FFD /* NSLayoutConstraint+MASDebugAdditions.h */ = {isa = PBXFileReference; fileEncoding = 4; lastKnownFileType = sourcecode.c.h; path = "NSLayoutConstraint+MASDebugAdditions.h"; sourceTree = "<group>"; };
		5F25703A1D71F05D00886FFD /* NSLayoutConstraint+MASDebugAdditions.m */ = {isa = PBXFileReference; fileEncoding = 4; lastKnownFileType = sourcecode.c.objc; path = "NSLayoutConstraint+MASDebugAdditions.m"; sourceTree = "<group>"; };
		5F25703B1D71F05D00886FFD /* View+MASAdditions.h */ = {isa = PBXFileReference; fileEncoding = 4; lastKnownFileType = sourcecode.c.h; path = "View+MASAdditions.h"; sourceTree = "<group>"; };
		5F25703C1D71F05D00886FFD /* View+MASAdditions.m */ = {isa = PBXFileReference; fileEncoding = 4; lastKnownFileType = sourcecode.c.objc; path = "View+MASAdditions.m"; sourceTree = "<group>"; };
		5F25703D1D71F05D00886FFD /* View+MASShorthandAdditions.h */ = {isa = PBXFileReference; fileEncoding = 4; lastKnownFileType = sourcecode.c.h; path = "View+MASShorthandAdditions.h"; sourceTree = "<group>"; };
		5F25703E1D71F05D00886FFD /* ViewController+MASAdditions.h */ = {isa = PBXFileReference; fileEncoding = 4; lastKnownFileType = sourcecode.c.h; path = "ViewController+MASAdditions.h"; sourceTree = "<group>"; };
		5F25703F1D71F05D00886FFD /* ViewController+MASAdditions.m */ = {isa = PBXFileReference; fileEncoding = 4; lastKnownFileType = sourcecode.c.objc; path = "ViewController+MASAdditions.m"; sourceTree = "<group>"; };
/* End PBXFileReference section */

/* Begin PBXFrameworksBuildPhase section */
		5F2570061D71F01D00886FFD /* Frameworks */ = {
			isa = PBXFrameworksBuildPhase;
			buildActionMask = 2147483647;
			files = (
			);
			runOnlyForDeploymentPostprocessing = 0;
		};
/* End PBXFrameworksBuildPhase section */

/* Begin PBXGroup section */
		5F2570001D71F01D00886FFD = {
			isa = PBXGroup;
			children = (
				5F25700B1D71F01D00886FFD /* TTTAttributedabel */,
				5F25700A1D71F01D00886FFD /* Products */,
			);
			sourceTree = "<group>";
		};
		5F25700A1D71F01D00886FFD /* Products */ = {
			isa = PBXGroup;
			children = (
				5F2570091D71F01D00886FFD /* TTTAttributedabel.app */,
			);
			name = Products;
			sourceTree = "<group>";
		};
		5F25700B1D71F01D00886FFD /* TTTAttributedabel */ = {
			isa = PBXGroup;
			children = (
				5F25700F1D71F01D00886FFD /* AppDelegate.h */,
				5F2570101D71F01D00886FFD /* AppDelegate.m */,
				5F2570121D71F01D00886FFD /* ViewController.h */,
				5F2570131D71F01D00886FFD /* ViewController.m */,
				5F2570231D71F03D00886FFD /* TTTAttributedLabel.h */,
				5F2570241D71F03D00886FFD /* TTTAttributedLabel.m */,
				5F2570151D71F01D00886FFD /* Main.storyboard */,
				5F2570181D71F01D00886FFD /* Assets.xcassets */,
				5F25701A1D71F01D00886FFD /* LaunchScreen.storyboard */,
				5F25701D1D71F01D00886FFD /* Info.plist */,
				5F25700C1D71F01D00886FFD /* Supporting Files */,
			);
			path = TTTAttributedabel;
			sourceTree = "<group>";
		};
		5F25700C1D71F01D00886FFD /* Supporting Files */ = {
			isa = PBXGroup;
			children = (
				5F2570261D71F05D00886FFD /* Masonry */,
				5F25700D1D71F01D00886FFD /* main.m */,
			);
			name = "Supporting Files";
			sourceTree = "<group>";
		};
		5F2570261D71F05D00886FFD /* Masonry */ = {
			isa = PBXGroup;
			children = (
				5F2570271D71F05D00886FFD /* MASCompositeConstraint.h */,
				5F2570281D71F05D00886FFD /* MASCompositeConstraint.m */,
				5F2570291D71F05D00886FFD /* MASConstraint+Private.h */,
				5F25702A1D71F05D00886FFD /* MASConstraint.h */,
				5F25702B1D71F05D00886FFD /* MASConstraint.m */,
				5F25702C1D71F05D00886FFD /* MASConstraintMaker.h */,
				5F25702D1D71F05D00886FFD /* MASConstraintMaker.m */,
				5F25702E1D71F05D00886FFD /* MASLayoutConstraint.h */,
				5F25702F1D71F05D00886FFD /* MASLayoutConstraint.m */,
				5F2570301D71F05D00886FFD /* Masonry.h */,
				5F2570311D71F05D00886FFD /* MASUtilities.h */,
				5F2570321D71F05D00886FFD /* MASViewAttribute.h */,
				5F2570331D71F05D00886FFD /* MASViewAttribute.m */,
				5F2570341D71F05D00886FFD /* MASViewConstraint.h */,
				5F2570351D71F05D00886FFD /* MASViewConstraint.m */,
				5F2570361D71F05D00886FFD /* NSArray+MASAdditions.h */,
				5F2570371D71F05D00886FFD /* NSArray+MASAdditions.m */,
				5F2570381D71F05D00886FFD /* NSArray+MASShorthandAdditions.h */,
				5F2570391D71F05D00886FFD /* NSLayoutConstraint+MASDebugAdditions.h */,
				5F25703A1D71F05D00886FFD /* NSLayoutConstraint+MASDebugAdditions.m */,
				5F25703B1D71F05D00886FFD /* View+MASAdditions.h */,
				5F25703C1D71F05D00886FFD /* View+MASAdditions.m */,
				5F25703D1D71F05D00886FFD /* View+MASShorthandAdditions.h */,
				5F25703E1D71F05D00886FFD /* ViewController+MASAdditions.h */,
				5F25703F1D71F05D00886FFD /* ViewController+MASAdditions.m */,
			);
			path = Masonry;
			sourceTree = "<group>";
		};
/* End PBXGroup section */

/* Begin PBXNativeTarget section */
		5F2570081D71F01D00886FFD /* TTTAttributedabel */ = {
			isa = PBXNativeTarget;
			buildConfigurationList = 5F2570201D71F01D00886FFD /* Build configuration list for PBXNativeTarget "TTTAttributedabel" */;
			buildPhases = (
				5F2570051D71F01D00886FFD /* Sources */,
				5F2570061D71F01D00886FFD /* Frameworks */,
				5F2570071D71F01D00886FFD /* Resources */,
			);
			buildRules = (
			);
			dependencies = (
			);
			name = TTTAttributedabel;
			productName = TTTAttributedabel;
			productReference = 5F2570091D71F01D00886FFD /* TTTAttributedabel.app */;
			productType = "com.apple.product-type.application";
		};
/* End PBXNativeTarget section */

/* Begin PBXProject section */
		5F2570011D71F01D00886FFD /* Project object */ = {
			isa = PBXProject;
			attributes = {
				LastUpgradeCheck = 0730;
				ORGANIZATIONNAME = songmeng;
				TargetAttributes = {
					5F2570081D71F01D00886FFD = {
						CreatedOnToolsVersion = 7.3;
					};
				};
			};
			buildConfigurationList = 5F2570041D71F01D00886FFD /* Build configuration list for PBXProject "TTTAttributedabel" */;
			compatibilityVersion = "Xcode 3.2";
			developmentRegion = English;
			hasScannedForEncodings = 0;
			knownRegions = (
				en,
				Base,
			);
			mainGroup = 5F2570001D71F01D00886FFD;
			productRefGroup = 5F25700A1D71F01D00886FFD /* Products */;
			projectDirPath = "";
			projectRoot = "";
			targets = (
				5F2570081D71F01D00886FFD /* TTTAttributedabel */,
			);
		};
/* End PBXProject section */

/* Begin PBXResourcesBuildPhase section */
		5F2570071D71F01D00886FFD /* Resources */ = {
			isa = PBXResourcesBuildPhase;
			buildActionMask = 2147483647;
			files = (
				5F25701C1D71F01D00886FFD /* LaunchScreen.storyboard in Resources */,
				5F2570191D71F01D00886FFD /* Assets.xcassets in Resources */,
				5F2570171D71F01D00886FFD /* Main.storyboard in Resources */,
			);
			runOnlyForDeploymentPostprocessing = 0;
		};
/* End PBXResourcesBuildPhase section */

/* Begin PBXSourcesBuildPhase section */
		5F2570051D71F01D00886FFD /* Sources */ = {
			isa = PBXSourcesBuildPhase;
			buildActionMask = 2147483647;
			files = (
				5F2570421D71F05D00886FFD /* MASConstraintMaker.m in Sources */,
				5F2570141D71F01D00886FFD /* ViewController.m in Sources */,
				5F2570111D71F01D00886FFD /* AppDelegate.m in Sources */,
				5F2570411D71F05D00886FFD /* MASConstraint.m in Sources */,
				5F2570491D71F05D00886FFD /* ViewController+MASAdditions.m in Sources */,
				5F2570431D71F05D00886FFD /* MASLayoutConstraint.m in Sources */,
				5F2570461D71F05D00886FFD /* NSArray+MASAdditions.m in Sources */,
				5F2570451D71F05D00886FFD /* MASViewConstraint.m in Sources */,
				5F2570441D71F05D00886FFD /* MASViewAttribute.m in Sources */,
				5F2570481D71F05D00886FFD /* View+MASAdditions.m in Sources */,
				5F25700E1D71F01D00886FFD /* main.m in Sources */,
				5F2570251D71F03D00886FFD /* TTTAttributedLabel.m in Sources */,
				5F2570401D71F05D00886FFD /* MASCompositeConstraint.m in Sources */,
				5F2570471D71F05D00886FFD /* NSLayoutConstraint+MASDebugAdditions.m in Sources */,
			);
			runOnlyForDeploymentPostprocessing = 0;
		};
/* End PBXSourcesBuildPhase section */

/* Begin PBXVariantGroup section */
		5F2570151D71F01D00886FFD /* Main.storyboard */ = {
			isa = PBXVariantGroup;
			children = (
				5F2570161D71F01D00886FFD /* Base */,
			);
			name = Main.storyboard;
			sourceTree = "<group>";
		};
		5F25701A1D71F01D00886FFD /* LaunchScreen.storyboard */ = {
			isa = PBXVariantGroup;
			children = (
				5F25701B1D71F01D00886FFD /* Base */,
			);
			name = LaunchScreen.storyboard;
			sourceTree = "<group>";
		};
/* End PBXVariantGroup section */

/* Begin XCBuildConfiguration section */
		5F25701E1D71F01D00886FFD /* Debug */ = {
			isa = XCBuildConfiguration;
			buildSettings = {
				ALWAYS_SEARCH_USER_PATHS = NO;
				CLANG_ANALYZER_NONNULL = YES;
				CLANG_CXX_LANGUAGE_STANDARD = "gnu++0x";
				CLANG_CXX_LIBRARY = "libc++";
				CLANG_ENABLE_MODULES = YES;
				CLANG_ENABLE_OBJC_ARC = YES;
				CLANG_WARN_BOOL_CONVERSION = YES;
				CLANG_WARN_CONSTANT_CONVERSION = YES;
				CLANG_WARN_DIRECT_OBJC_ISA_USAGE = YES_ERROR;
				CLANG_WARN_EMPTY_BODY = YES;
				CLANG_WARN_ENUM_CONVERSION = YES;
				CLANG_WARN_INT_CONVERSION = YES;
				CLANG_WARN_OBJC_ROOT_CLASS = YES_ERROR;
				CLANG_WARN_UNREACHABLE_CODE = YES;
				CLANG_WARN__DUPLICATE_METHOD_MATCH = YES;
				"CODE_SIGN_IDENTITY[sdk=iphoneos*]" = "iPhone Developer";
				COPY_PHASE_STRIP = NO;
				DEBUG_INFORMATION_FORMAT = dwarf;
				ENABLE_STRICT_OBJC_MSGSEND = YES;
				ENABLE_TESTABILITY = YES;
				GCC_C_LANGUAGE_STANDARD = gnu99;
				GCC_DYNAMIC_NO_PIC = NO;
				GCC_NO_COMMON_BLOCKS = YES;
				GCC_OPTIMIZATION_LEVEL = 0;
				GCC_PREPROCESSOR_DEFINITIONS = (
					"DEBUG=1",
					"$(inherited)",
				);
				GCC_WARN_64_TO_32_BIT_CONVERSION = YES;
				GCC_WARN_ABOUT_RETURN_TYPE = YES_ERROR;
				GCC_WARN_UNDECLARED_SELECTOR = YES;
				GCC_WARN_UNINITIALIZED_AUTOS = YES_AGGRESSIVE;
				GCC_WARN_UNUSED_FUNCTION = YES;
				GCC_WARN_UNUSED_VARIABLE = YES;
				IPHONEOS_DEPLOYMENT_TARGET = 9.3;
				MTL_ENABLE_DEBUG_INFO = YES;
				ONLY_ACTIVE_ARCH = YES;
				SDKROOT = iphoneos;
			};
			name = Debug;
		};
		5F25701F1D71F01D00886FFD /* Release */ = {
			isa = XCBuildConfiguration;
			buildSettings = {
				ALWAYS_SEARCH_USER_PATHS = NO;
				CLANG_ANALYZER_NONNULL = YES;
				CLANG_CXX_LANGUAGE_STANDARD = "gnu++0x";
				CLANG_CXX_LIBRARY = "libc++";
				CLANG_ENABLE_MODULES = YES;
				CLANG_ENABLE_OBJC_ARC = YES;
				CLANG_WARN_BOOL_CONVERSION = YES;
				CLANG_WARN_CONSTANT_CONVERSION = YES;
				CLANG_WARN_DIRECT_OBJC_ISA_USAGE = YES_ERROR;
				CLANG_WARN_EMPTY_BODY = YES;
				CLANG_WARN_ENUM_CONVERSION = YES;
				CLANG_WARN_INT_CONVERSION = YES;
				CLANG_WARN_OBJC_ROOT_CLASS = YES_ERROR;
				CLANG_WARN_UNREACHABLE_CODE = YES;
				CLANG_WARN__DUPLICATE_METHOD_MATCH = YES;
				"CODE_SIGN_IDENTITY[sdk=iphoneos*]" = "iPhone Developer";
				COPY_PHASE_STRIP = NO;
				DEBUG_INFORMATION_FORMAT = "dwarf-with-dsym";
				ENABLE_NS_ASSERTIONS = NO;
				ENABLE_STRICT_OBJC_MSGSEND = YES;
				GCC_C_LANGUAGE_STANDARD = gnu99;
				GCC_NO_COMMON_BLOCKS = YES;
				GCC_WARN_64_TO_32_BIT_CONVERSION = YES;
				GCC_WARN_ABOUT_RETURN_TYPE = YES_ERROR;
				GCC_WARN_UNDECLARED_SELECTOR = YES;
				GCC_WARN_UNINITIALIZED_AUTOS = YES_AGGRESSIVE;
				GCC_WARN_UNUSED_FUNCTION = YES;
				GCC_WARN_UNUSED_VARIABLE = YES;
				IPHONEOS_DEPLOYMENT_TARGET = 9.3;
				MTL_ENABLE_DEBUG_INFO = NO;
				SDKROOT = iphoneos;
				VALIDATE_PRODUCT = YES;
			};
			name = Release;
		};
		5F2570211D71F01D00886FFD /* Debug */ = {
			isa = XCBuildConfiguration;
			buildSettings = {
				ASSETCATALOG_COMPILER_APPICON_NAME = AppIcon;
				INFOPLIST_FILE = TTTAttributedabel/Info.plist;
				LD_RUNPATH_SEARCH_PATHS = "$(inherited) @executable_path/Frameworks";
				PRODUCT_BUNDLE_IDENTIFIER = com.songmeng.BeiJing.TTTAttributedabel;
				PRODUCT_NAME = "$(TARGET_NAME)";
			};
			name = Debug;
		};
		5F2570221D71F01D00886FFD /* Release */ = {
			isa = XCBuildConfiguration;
			buildSettings = {
				ASSETCATALOG_COMPILER_APPICON_NAME = AppIcon;
				INFOPLIST_FILE = TTTAttributedabel/Info.plist;
				LD_RUNPATH_SEARCH_PATHS = "$(inherited) @executable_path/Frameworks";
				PRODUCT_BUNDLE_IDENTIFIER = com.songmeng.BeiJing.TTTAttributedabel;
				PRODUCT_NAME = "$(TARGET_NAME)";
			};
			name = Release;
		};
/* End XCBuildConfiguration section */

/* Begin XCConfigurationList section */
		5F2570041D71F01D00886FFD /* Build configuration list for PBXProject "TTTAttributedabel" */ = {
			isa = XCConfigurationList;
			buildConfigurations = (
				5F25701E1D71F01D00886FFD /* Debug */,
				5F25701F1D71F01D00886FFD /* Release */,
			);
			defaultConfigurationIsVisible = 0;
			defaultConfigurationName = Release;
		};
		5F2570201D71F01D00886FFD /* Build configuration list for PBXNativeTarget "TTTAttributedabel" */ = {
			isa = XCConfigurationList;
			buildConfigurations = (
				5F2570211D71F01D00886FFD /* Debug */,
				5F2570221D71F01D00886FFD /* Release */,
			);
			defaultConfigurationIsVisible = 0;
		};
/* End XCConfigurationList section */
	};
	rootObject = 5F2570011D71F01D00886FFD /* Project object */;
}
